{
  "name": "Procesador_vertices",
  "version": "1.0.0",
  "lockfileVersion": 1,
  "requires": true,
  "dependencies": {
    "is-little-endian": {
      "version": "0.0.0",
      "resolved": "https://registry.npmjs.org/is-little-endian/-/is-little-endian-0.0.0.tgz",
      "integrity": "sha1-lwlVm3Ky7EkvYmxjBa05PqkLZow="
    },
    "n-readlines": {
      "version": "1.0.1",
      "resolved": "https://registry.npmjs.org/n-readlines/-/n-readlines-1.0.1.tgz",
      "integrity": "sha512-z4SyAIVgMy7CkgsoNw7YVz40v0g4+WWvvqy8+ZdHrCtgevcEO758WQyrYcw3XPxcLxF+//RszTz/rO48nzD0wQ=="
    },
    "parse-ply": {
      "version": "0.1.0",
      "resolved": "https://registry.npmjs.org/parse-ply/-/parse-ply-0.1.0.tgz",
      "integrity": "sha1-Y0jehyUmjMwFJJZSdmUbx7MB1c0=",
      "requires": {
        "is-little-endian": "~0.0.0",
        "through": "~2.3.4"
      }
    },
    "through": {
      "version": "2.3.8",
      "resolved": "https://registry.npmjs.org/through/-/through-2.3.8.tgz",
      "integrity": "sha1-DdTJ/6q8NXlgsbckEV1+Doai4fU="
    }
  }
}
